
Microsoft Visual Studio Solution File, Format Version 12.00
# Visual Studio Version 16
VisualStudioVersion = 16.0.30907.101
MinimumVisualStudioVersion = 10.0.40219.1
Project("{FAE04EC0-301F-11D3-BF4B-00C04F79EFBC}") = "guia5", "guia5\guia5.csproj", "{0731718F-820A-46AC-87AD-6824E17704D7}"
EndProject
Global
	GlobalSection(SolutionConfigurationPlatforms) = preSolution
		Debug|Any CPU = Debug|Any CPU
		Release|Any CPU = Release|Any CPU
	EndGlobalSection
	GlobalSection(ProjectConfigurationPlatforms) = postSolution
		{0731718F-820A-46AC-87AD-6824E17704D7}.Debug|Any CPU.ActiveCfg = Debug|Any CPU
		{0731718F-820A-46AC-87AD-6824E17704D7}.Debug|Any CPU.Build.0 = Debug|Any CPU
		{0731718F-820A-46AC-87AD-6824E17704D7}.Release|Any CPU.ActiveCfg = Release|Any CPU
		{0731718F-820A-46AC-87AD-6824E17704D7}.Release|Any CPU.Build.0 = Release|Any CPU
	EndGlobalSection
	GlobalSection(SolutionProperties) = preSolution
		HideSolutionNode = FALSE
	EndGlobalSection
	GlobalSection(ExtensibilityGlobals) = postSolution
		SolutionGuid = {A336E548-B0A8-4FDE-AEA7-E25942BA149B}
	EndGlobalSection
EndGlobal
